
Microsoft Visual Studio Solution File, Format Version 12.00
# Visual Studio 15
Project("{FAE04EC0-301F-11D3-BF4B-00C04F79EFBC}") = "Assembly-CSharp", "Assembly-CSharp.csproj", "{77988B29-CF3A-7FF5-7AA1-3EDB4D57C23D}"
EndProject
Project("{FAE04EC0-301F-11D3-BF4B-00C04F79EFBC}") = "Assembly-CSharp-Editor", "Assembly-CSharp-Editor.csproj", "{CA0EB541-9817-7117-9818-18C59913030A}"
EndProject
Global
	GlobalSection(SolutionConfigurationPlatforms) = preSolution
		Debug|Any CPU = Debug|Any CPU
		Release|Any CPU = Release|Any CPU
	EndGlobalSection
	GlobalSection(ProjectConfigurationPlatforms) = postSolution
		{77988B29-CF3A-7FF5-7AA1-3EDB4D57C23D}.Debug|Any CPU.ActiveCfg = Debug|Any CPU
		{77988B29-CF3A-7FF5-7AA1-3EDB4D57C23D}.Debug|Any CPU.Build.0 = Debug|Any CPU
		{77988B29-CF3A-7FF5-7AA1-3EDB4D57C23D}.Release|Any CPU.ActiveCfg = Release|Any CPU
		{77988B29-CF3A-7FF5-7AA1-3EDB4D57C23D}.Release|Any CPU.Build.0 = Release|Any CPU
		{CA0EB541-9817-7117-9818-18C59913030A}.Debug|Any CPU.ActiveCfg = Debug|Any CPU
		{CA0EB541-9817-7117-9818-18C59913030A}.Debug|Any CPU.Build.0 = Debug|Any CPU
		{CA0EB541-9817-7117-9818-18C59913030A}.Release|Any CPU.ActiveCfg = Release|Any CPU
		{CA0EB541-9817-7117-9818-18C59913030A}.Release|Any CPU.Build.0 = Release|Any CPU
	EndGlobalSection
	GlobalSection(SolutionProperties) = preSolution
		HideSolutionNode = FALSE
	EndGlobalSection
EndGlobal
